
Microsoft Visual Studio Solution File, Format Version 12.00
# Visual Studio Version 17
VisualStudioVersion = 17.2.32616.157
MinimumVisualStudioVersion = 10.0.40219.1
Project("{9A19103F-16F7-4668-BE54-9A1E7A4F7556}") = "BAUCUATOMCA", "BAUCUATOMCA\BAUCUATOMCA.csproj", "{87D6B9F0-EB49-496C-9E32-0C0125AD6A79}"
EndProject
Project("{54435603-DBB4-11D2-8724-00A0C9A8B90C}") = "Setup1", "Setup1\Setup1.vdproj", "{4BC34246-34FA-4CCD-8E99-546D80BC490B}"
EndProject
Global
	GlobalSection(SolutionConfigurationPlatforms) = preSolution
		Debug|Any CPU = Debug|Any CPU
		Release|Any CPU = Release|Any CPU
	EndGlobalSection
	GlobalSection(ProjectConfigurationPlatforms) = postSolution
		{87D6B9F0-EB49-496C-9E32-0C0125AD6A79}.Debug|Any CPU.ActiveCfg = Debug|Any CPU
		{87D6B9F0-EB49-496C-9E32-0C0125AD6A79}.Debug|Any CPU.Build.0 = Debug|Any CPU
		{87D6B9F0-EB49-496C-9E32-0C0125AD6A79}.Release|Any CPU.ActiveCfg = Release|Any CPU
		{87D6B9F0-EB49-496C-9E32-0C0125AD6A79}.Release|Any CPU.Build.0 = Release|Any CPU
		{4BC34246-34FA-4CCD-8E99-546D80BC490B}.Debug|Any CPU.ActiveCfg = Debug
		{4BC34246-34FA-4CCD-8E99-546D80BC490B}.Release|Any CPU.ActiveCfg = Release
	EndGlobalSection
	GlobalSection(SolutionProperties) = preSolution
		HideSolutionNode = FALSE
	EndGlobalSection
	GlobalSection(ExtensibilityGlobals) = postSolution
		SolutionGuid = {3548D058-3959-4C70-8B91-FCB87461A0E9}
	EndGlobalSection
EndGlobal
